{
  "version": 4,
  "terraform_version": "0.12.3",
  "serial": 11,
  "lineage": "cf3a6eb0-9d1a-6926-bdc7-6be123127024",
  "outputs": {},
  "resources": [
    {
      "mode": "managed",
      "type": "aws_glue_job",
      "name": "example",
      "provider": "provider.aws",
      "instances": [
        {
          "schema_version": 0,
          "attributes": {
            "allocated_capacity": 10,
            "command": [
              {
                "name": "glueetl",
                "script_location": "s3://serverless-data-pipeline-example/example.py"
              }
            ],
            "connections": null,
            "default_arguments": null,
            "description": "",
            "execution_property": [
              {
                "max_concurrent_runs": 1
              }
            ],
            "id": "example",
            "max_capacity": 10,
            "max_retries": 0,
            "name": "example",
            "role_arn": "arn:aws:iam::077590795309:role/glue-admin",
            "security_configuration": "",
            "timeout": 2880
          },
          "private": "bnVsbA==",
          "depends_on": [
            "aws_s3_bucket.example"
          ]
        }
      ]
    },
    {
      "mode": "managed",
      "type": "aws_s3_bucket",
      "name": "example",
      "provider": "provider.aws",
      "instances": [
        {
          "schema_version": 0,
          "attributes": {
            "acceleration_status": "",
            "acl": "private",
            "arn": "arn:aws:s3:::serverless-data-pipeline-example",
            "bucket": "serverless-data-pipeline-example",
            "bucket_domain_name": "serverless-data-pipeline-example.s3.amazonaws.com",
            "bucket_prefix": null,
            "bucket_regional_domain_name": "serverless-data-pipeline-example.s3.eu-central-1.amazonaws.com",
            "cors_rule": [],
            "force_destroy": false,
            "hosted_zone_id": "Z21DNDUVLTQW6Q",
            "id": "serverless-data-pipeline-example",
            "lifecycle_rule": [],
            "logging": [],
            "object_lock_configuration": [],
            "policy": null,
            "region": "eu-central-1",
            "replication_configuration": [],
            "request_payer": "BucketOwner",
            "server_side_encryption_configuration": [],
            "tags": {
              "Environment": "Dev",
              "Name": "My bucket"
            },
            "versioning": [
              {
                "enabled": false,
                "mfa_delete": false
              }
            ],
            "website": [],
            "website_domain": null,
            "website_endpoint": null
          },
          "private": "bnVsbA=="
        }
      ]
    }
  ]
}
