{
  "version": 4,
  "terraform_version": "0.12.3",
  "serial": 27,
  "lineage": "cf3a6eb0-9d1a-6926-bdc7-6be123127024",
  "outputs": {},
  "resources": [
    {
      "mode": "managed",
      "type": "aws_glue_job",
      "name": "glue_unzip",
      "provider": "provider.aws",
      "instances": [
        {
          "schema_version": 0,
          "attributes": {
            "allocated_capacity": 1,
            "command": [
              {
                "name": "pythonshell",
                "script_location": "s3://serverless-data-pipeline-dev-glue-script/glue_unzip.py"
              }
            ],
            "connections": [],
            "default_arguments": {},
            "description": "",
            "execution_property": [
              {
                "max_concurrent_runs": 2
              }
            ],
            "id": "serverless-data-pipeline-dev",
            "max_capacity": 1,
            "max_retries": 0,
            "name": "serverless-data-pipeline-dev",
            "role_arn": "arn:aws:iam::077590795309:role/glue-admin",
            "security_configuration": "",
            "timeout": 2880
          },
          "private": "bnVsbA==",
          "depends_on": [
            "aws_s3_bucket.example"
          ]
        }
      ]
    },
    {
      "mode": "managed",
      "type": "aws_s3_bucket",
      "name": "example",
      "provider": "provider.aws",
      "instances": [
        {
          "schema_version": 0,
          "attributes": {
            "acceleration_status": "",
            "acl": "private",
            "arn": "arn:aws:s3:::serverless-data-pipeline-dev-glue-script",
            "bucket": "serverless-data-pipeline-dev-glue-script",
            "bucket_domain_name": "serverless-data-pipeline-dev-glue-script.s3.amazonaws.com",
            "bucket_prefix": null,
            "bucket_regional_domain_name": "serverless-data-pipeline-dev-glue-script.s3.eu-central-1.amazonaws.com",
            "cors_rule": [],
            "force_destroy": false,
            "hosted_zone_id": "Z21DNDUVLTQW6Q",
            "id": "serverless-data-pipeline-dev-glue-script",
            "lifecycle_rule": [],
            "logging": [],
            "object_lock_configuration": [],
            "policy": null,
            "region": "eu-central-1",
            "replication_configuration": [],
            "request_payer": "BucketOwner",
            "server_side_encryption_configuration": [],
            "tags": {},
            "versioning": [
              {
                "enabled": false,
                "mfa_delete": false
              }
            ],
            "website": [],
            "website_domain": null,
            "website_endpoint": null
          },
          "private": "bnVsbA=="
        }
      ]
    },
    {
      "mode": "managed",
      "type": "aws_s3_bucket_object",
      "name": "object",
      "provider": "provider.aws",
      "instances": [
        {
          "schema_version": 0,
          "attributes": {
            "acl": "private",
            "bucket": "serverless-data-pipeline-dev-glue-script",
            "cache_control": "",
            "content": null,
            "content_base64": null,
            "content_disposition": "",
            "content_encoding": "",
            "content_language": "",
            "content_type": "binary/octet-stream",
            "etag": "550a24bf98264213f211a8beb1dd6fa7",
            "id": "glue_unzip.py",
            "key": "glue_unzip.py",
            "kms_key_id": null,
            "server_side_encryption": "",
            "source": "glue/glue_unzip.py",
            "storage_class": "STANDARD",
            "tags": {},
            "version_id": "",
            "website_redirect": ""
          },
          "private": "bnVsbA=="
        }
      ]
    }
  ]
}
